// !$*UTF8*$!
{
	archiveVersion = 1;
	classes = {
	};
	objectVersion = 46;
	objects = {

/* Begin PBXBuildFile section */
		BBC7F1CB18DBB01A0072D6A5 /* Foundation.framework in Frameworks */ = {isa = PBXBuildFile; fileRef = BBC7F1CA18DBB01A0072D6A5 /* Foundation.framework */; };
		BBC7F1CD18DBB01A0072D6A5 /* CoreGraphics.framework in Frameworks */ = {isa = PBXBuildFile; fileRef = BBC7F1CC18DBB01A0072D6A5 /* CoreGraphics.framework */; };
		BBC7F1CF18DBB01A0072D6A5 /* UIKit.framework in Frameworks */ = {isa = PBXBuildFile; fileRef = BBC7F1CE18DBB01A0072D6A5 /* UIKit.framework */; };
		BBC7F1D518DBB01A0072D6A5 /* InfoPlist.strings in Resources */ = {isa = PBXBuildFile; fileRef = BBC7F1D318DBB01A0072D6A5 /* InfoPlist.strings */; };
		BBC7F1D718DBB01A0072D6A5 /* main.m in Sources */ = {isa = PBXBuildFile; fileRef = BBC7F1D618DBB01A0072D6A5 /* main.m */; };
		BBC7F1DB18DBB01A0072D6A5 /* AppDelegate.m in Sources */ = {isa = PBXBuildFile; fileRef = BBC7F1DA18DBB01A0072D6A5 /* AppDelegate.m */; };
		BBC7F1DD18DBB01A0072D6A5 /* Images.xcassets in Resources */ = {isa = PBXBuildFile; fileRef = BBC7F1DC18DBB01A0072D6A5 /* Images.xcassets */; };
		BBC7F1E418DBB01A0072D6A5 /* XCTest.framework in Frameworks */ = {isa = PBXBuildFile; fileRef = BBC7F1E318DBB01A0072D6A5 /* XCTest.framework */; };
		BBC7F1E518DBB01A0072D6A5 /* Foundation.framework in Frameworks */ = {isa = PBXBuildFile; fileRef = BBC7F1CA18DBB01A0072D6A5 /* Foundation.framework */; };
		BBC7F1E618DBB01A0072D6A5 /* UIKit.framework in Frameworks */ = {isa = PBXBuildFile; fileRef = BBC7F1CE18DBB01A0072D6A5 /* UIKit.framework */; };
		BBC7F1EE18DBB01A0072D6A5 /* InfoPlist.strings in Resources */ = {isa = PBXBuildFile; fileRef = BBC7F1EC18DBB01A0072D6A5 /* InfoPlist.strings */; };
		BBC7F1F018DBB01A0072D6A5 /* LilYelperTests.m in Sources */ = {isa = PBXBuildFile; fileRef = BBC7F1EF18DBB01A0072D6A5 /* LilYelperTests.m */; };
		BBC7F1FC18DBCD420072D6A5 /* ResultsViewController.m in Sources */ = {isa = PBXBuildFile; fileRef = BBC7F1FA18DBCD420072D6A5 /* ResultsViewController.m */; };
		BBC7F1FD18DBCD420072D6A5 /* ResultsViewController.xib in Resources */ = {isa = PBXBuildFile; fileRef = BBC7F1FB18DBCD420072D6A5 /* ResultsViewController.xib */; };
		BBC7F20218DBD4040072D6A5 /* ResultTableViewCell.m in Sources */ = {isa = PBXBuildFile; fileRef = BBC7F20018DBD4040072D6A5 /* ResultTableViewCell.m */; };
		BBC7F20318DBD4040072D6A5 /* ResultTableViewCell.xib in Resources */ = {isa = PBXBuildFile; fileRef = BBC7F20118DBD4040072D6A5 /* ResultTableViewCell.xib */; };
		BBC7F20718DBE3680072D6A5 /* Result.m in Sources */ = {isa = PBXBuildFile; fileRef = BBC7F20618DBE3680072D6A5 /* Result.m */; };
		BBC7F20C18DE0ED50072D6A5 /* FiltersViewController.m in Sources */ = {isa = PBXBuildFile; fileRef = BBC7F20A18DE0ED50072D6A5 /* FiltersViewController.m */; };
		BBC7F20D18DE0ED50072D6A5 /* FiltersViewController.xib in Resources */ = {isa = PBXBuildFile; fileRef = BBC7F20B18DE0ED50072D6A5 /* FiltersViewController.xib */; };
		BBC7F21118DE1CD00072D6A5 /* SwitchFilterCell.m in Sources */ = {isa = PBXBuildFile; fileRef = BBC7F20F18DE1CD00072D6A5 /* SwitchFilterCell.m */; };
		BBC7F21218DE1CD00072D6A5 /* SwitchFilterCell.xib in Resources */ = {isa = PBXBuildFile; fileRef = BBC7F21018DE1CD00072D6A5 /* SwitchFilterCell.xib */; };
		BBC7F21518DE21780072D6A5 /* Filter.m in Sources */ = {isa = PBXBuildFile; fileRef = BBC7F21418DE21780072D6A5 /* Filter.m */; };
		BBC7F21818DE289A0072D6A5 /* FilterCell.m in Sources */ = {isa = PBXBuildFile; fileRef = BBC7F21718DE289A0072D6A5 /* FilterCell.m */; };
		BBC7F21C18DE297C0072D6A5 /* SelectCell.m in Sources */ = {isa = PBXBuildFile; fileRef = BBC7F21A18DE297C0072D6A5 /* SelectCell.m */; };
		BBC7F21D18DE297C0072D6A5 /* SelectCell.xib in Resources */ = {isa = PBXBuildFile; fileRef = BBC7F21B18DE297C0072D6A5 /* SelectCell.xib */; };
/* End PBXBuildFile section */

/* Begin PBXContainerItemProxy section */
		BBC7F1E718DBB01A0072D6A5 /* PBXContainerItemProxy */ = {
			isa = PBXContainerItemProxy;
			containerPortal = BBC7F1BF18DBB01A0072D6A5 /* Project object */;
			proxyType = 1;
			remoteGlobalIDString = BBC7F1C618DBB01A0072D6A5;
			remoteInfo = LilYelper;
		};
/* End PBXContainerItemProxy section */

/* Begin PBXFileReference section */
		BBC7F1C718DBB01A0072D6A5 /* LilYelper.app */ = {isa = PBXFileReference; explicitFileType = wrapper.application; includeInIndex = 0; path = LilYelper.app; sourceTree = BUILT_PRODUCTS_DIR; };
		BBC7F1CA18DBB01A0072D6A5 /* Foundation.framework */ = {isa = PBXFileReference; lastKnownFileType = wrapper.framework; name = Foundation.framework; path = System/Library/Frameworks/Foundation.framework; sourceTree = SDKROOT; };
		BBC7F1CC18DBB01A0072D6A5 /* CoreGraphics.framework */ = {isa = PBXFileReference; lastKnownFileType = wrapper.framework; name = CoreGraphics.framework; path = System/Library/Frameworks/CoreGraphics.framework; sourceTree = SDKROOT; };
		BBC7F1CE18DBB01A0072D6A5 /* UIKit.framework */ = {isa = PBXFileReference; lastKnownFileType = wrapper.framework; name = UIKit.framework; path = System/Library/Frameworks/UIKit.framework; sourceTree = SDKROOT; };
		BBC7F1D218DBB01A0072D6A5 /* LilYelper-Info.plist */ = {isa = PBXFileReference; lastKnownFileType = text.plist.xml; path = "LilYelper-Info.plist"; sourceTree = "<group>"; };
		BBC7F1D418DBB01A0072D6A5 /* en */ = {isa = PBXFileReference; lastKnownFileType = text.plist.strings; name = en; path = en.lproj/InfoPlist.strings; sourceTree = "<group>"; };
		BBC7F1D618DBB01A0072D6A5 /* main.m */ = {isa = PBXFileReference; lastKnownFileType = sourcecode.c.objc; path = main.m; sourceTree = "<group>"; };
		BBC7F1D818DBB01A0072D6A5 /* LilYelper-Prefix.pch */ = {isa = PBXFileReference; lastKnownFileType = sourcecode.c.h; path = "LilYelper-Prefix.pch"; sourceTree = "<group>"; };
		BBC7F1D918DBB01A0072D6A5 /* AppDelegate.h */ = {isa = PBXFileReference; lastKnownFileType = sourcecode.c.h; path = AppDelegate.h; sourceTree = "<group>"; };
		BBC7F1DA18DBB01A0072D6A5 /* AppDelegate.m */ = {isa = PBXFileReference; lastKnownFileType = sourcecode.c.objc; path = AppDelegate.m; sourceTree = "<group>"; };
		BBC7F1DC18DBB01A0072D6A5 /* Images.xcassets */ = {isa = PBXFileReference; lastKnownFileType = folder.assetcatalog; path = Images.xcassets; sourceTree = "<group>"; };
		BBC7F1E218DBB01A0072D6A5 /* LilYelperTests.xctest */ = {isa = PBXFileReference; explicitFileType = wrapper.cfbundle; includeInIndex = 0; path = LilYelperTests.xctest; sourceTree = BUILT_PRODUCTS_DIR; };
		BBC7F1E318DBB01A0072D6A5 /* XCTest.framework */ = {isa = PBXFileReference; lastKnownFileType = wrapper.framework; name = XCTest.framework; path = Library/Frameworks/XCTest.framework; sourceTree = DEVELOPER_DIR; };
		BBC7F1EB18DBB01A0072D6A5 /* LilYelperTests-Info.plist */ = {isa = PBXFileReference; lastKnownFileType = text.plist.xml; path = "LilYelperTests-Info.plist"; sourceTree = "<group>"; };
		BBC7F1ED18DBB01A0072D6A5 /* en */ = {isa = PBXFileReference; lastKnownFileType = text.plist.strings; name = en; path = en.lproj/InfoPlist.strings; sourceTree = "<group>"; };
		BBC7F1EF18DBB01A0072D6A5 /* LilYelperTests.m */ = {isa = PBXFileReference; lastKnownFileType = sourcecode.c.objc; path = LilYelperTests.m; sourceTree = "<group>"; };
		BBC7F1F918DBCD420072D6A5 /* ResultsViewController.h */ = {isa = PBXFileReference; fileEncoding = 4; lastKnownFileType = sourcecode.c.h; path = ResultsViewController.h; sourceTree = "<group>"; };
		BBC7F1FA18DBCD420072D6A5 /* ResultsViewController.m */ = {isa = PBXFileReference; fileEncoding = 4; lastKnownFileType = sourcecode.c.objc; path = ResultsViewController.m; sourceTree = "<group>"; };
		BBC7F1FB18DBCD420072D6A5 /* ResultsViewController.xib */ = {isa = PBXFileReference; fileEncoding = 4; lastKnownFileType = file.xib; path = ResultsViewController.xib; sourceTree = "<group>"; };
		BBC7F1FF18DBD4040072D6A5 /* ResultTableViewCell.h */ = {isa = PBXFileReference; fileEncoding = 4; lastKnownFileType = sourcecode.c.h; path = ResultTableViewCell.h; sourceTree = "<group>"; };
		BBC7F20018DBD4040072D6A5 /* ResultTableViewCell.m */ = {isa = PBXFileReference; fileEncoding = 4; lastKnownFileType = sourcecode.c.objc; path = ResultTableViewCell.m; sourceTree = "<group>"; };
		BBC7F20118DBD4040072D6A5 /* ResultTableViewCell.xib */ = {isa = PBXFileReference; fileEncoding = 4; lastKnownFileType = file.xib; path = ResultTableViewCell.xib; sourceTree = "<group>"; };
		BBC7F20518DBE3680072D6A5 /* Result.h */ = {isa = PBXFileReference; fileEncoding = 4; lastKnownFileType = sourcecode.c.h; path = Result.h; sourceTree = "<group>"; };
		BBC7F20618DBE3680072D6A5 /* Result.m */ = {isa = PBXFileReference; fileEncoding = 4; lastKnownFileType = sourcecode.c.objc; path = Result.m; sourceTree = "<group>"; };
		BBC7F20918DE0ED50072D6A5 /* FiltersViewController.h */ = {isa = PBXFileReference; fileEncoding = 4; lastKnownFileType = sourcecode.c.h; path = FiltersViewController.h; sourceTree = "<group>"; };
		BBC7F20A18DE0ED50072D6A5 /* FiltersViewController.m */ = {isa = PBXFileReference; fileEncoding = 4; lastKnownFileType = sourcecode.c.objc; path = FiltersViewController.m; sourceTree = "<group>"; };
		BBC7F20B18DE0ED50072D6A5 /* FiltersViewController.xib */ = {isa = PBXFileReference; fileEncoding = 4; lastKnownFileType = file.xib; path = FiltersViewController.xib; sourceTree = "<group>"; };
		BBC7F20E18DE1CD00072D6A5 /* SwitchFilterCell.h */ = {isa = PBXFileReference; fileEncoding = 4; lastKnownFileType = sourcecode.c.h; path = SwitchFilterCell.h; sourceTree = "<group>"; };
		BBC7F20F18DE1CD00072D6A5 /* SwitchFilterCell.m */ = {isa = PBXFileReference; fileEncoding = 4; lastKnownFileType = sourcecode.c.objc; path = SwitchFilterCell.m; sourceTree = "<group>"; };
		BBC7F21018DE1CD00072D6A5 /* SwitchFilterCell.xib */ = {isa = PBXFileReference; fileEncoding = 4; lastKnownFileType = file.xib; path = SwitchFilterCell.xib; sourceTree = "<group>"; };
		BBC7F21318DE21780072D6A5 /* Filter.h */ = {isa = PBXFileReference; fileEncoding = 4; lastKnownFileType = sourcecode.c.h; path = Filter.h; sourceTree = "<group>"; };
		BBC7F21418DE21780072D6A5 /* Filter.m */ = {isa = PBXFileReference; fileEncoding = 4; lastKnownFileType = sourcecode.c.objc; path = Filter.m; sourceTree = "<group>"; };
		BBC7F21618DE289A0072D6A5 /* FilterCell.h */ = {isa = PBXFileReference; fileEncoding = 4; lastKnownFileType = sourcecode.c.h; path = FilterCell.h; sourceTree = "<group>"; };
		BBC7F21718DE289A0072D6A5 /* FilterCell.m */ = {isa = PBXFileReference; fileEncoding = 4; lastKnownFileType = sourcecode.c.objc; path = FilterCell.m; sourceTree = "<group>"; };
		BBC7F21918DE297C0072D6A5 /* SelectCell.h */ = {isa = PBXFileReference; fileEncoding = 4; lastKnownFileType = sourcecode.c.h; path = SelectCell.h; sourceTree = "<group>"; };
		BBC7F21A18DE297C0072D6A5 /* SelectCell.m */ = {isa = PBXFileReference; fileEncoding = 4; lastKnownFileType = sourcecode.c.objc; path = SelectCell.m; sourceTree = "<group>"; };
		BBC7F21B18DE297C0072D6A5 /* SelectCell.xib */ = {isa = PBXFileReference; fileEncoding = 4; lastKnownFileType = file.xib; path = SelectCell.xib; sourceTree = "<group>"; };
/* End PBXFileReference section */

/* Begin PBXFrameworksBuildPhase section */
		BBC7F1C418DBB01A0072D6A5 /* Frameworks */ = {
			isa = PBXFrameworksBuildPhase;
			buildActionMask = 2147483647;
			files = (
				BBC7F1CD18DBB01A0072D6A5 /* CoreGraphics.framework in Frameworks */,
				BBC7F1CF18DBB01A0072D6A5 /* UIKit.framework in Frameworks */,
				BBC7F1CB18DBB01A0072D6A5 /* Foundation.framework in Frameworks */,
			);
			runOnlyForDeploymentPostprocessing = 0;
		};
		BBC7F1DF18DBB01A0072D6A5 /* Frameworks */ = {
			isa = PBXFrameworksBuildPhase;
			buildActionMask = 2147483647;
			files = (
				BBC7F1E418DBB01A0072D6A5 /* XCTest.framework in Frameworks */,
				BBC7F1E618DBB01A0072D6A5 /* UIKit.framework in Frameworks */,
				BBC7F1E518DBB01A0072D6A5 /* Foundation.framework in Frameworks */,
			);
			runOnlyForDeploymentPostprocessing = 0;
		};
/* End PBXFrameworksBuildPhase section */

/* Begin PBXGroup section */
		BBC7F1BE18DBB01A0072D6A5 = {
			isa = PBXGroup;
			children = (
				BBC7F1D018DBB01A0072D6A5 /* LilYelper */,
				BBC7F1E918DBB01A0072D6A5 /* LilYelperTests */,
				BBC7F1C918DBB01A0072D6A5 /* Frameworks */,
				BBC7F1C818DBB01A0072D6A5 /* Products */,
			);
			sourceTree = "<group>";
		};
		BBC7F1C818DBB01A0072D6A5 /* Products */ = {
			isa = PBXGroup;
			children = (
				BBC7F1C718DBB01A0072D6A5 /* LilYelper.app */,
				BBC7F1E218DBB01A0072D6A5 /* LilYelperTests.xctest */,
			);
			name = Products;
			sourceTree = "<group>";
		};
		BBC7F1C918DBB01A0072D6A5 /* Frameworks */ = {
			isa = PBXGroup;
			children = (
				BBC7F1CA18DBB01A0072D6A5 /* Foundation.framework */,
				BBC7F1CC18DBB01A0072D6A5 /* CoreGraphics.framework */,
				BBC7F1CE18DBB01A0072D6A5 /* UIKit.framework */,
				BBC7F1E318DBB01A0072D6A5 /* XCTest.framework */,
			);
			name = Frameworks;
			sourceTree = "<group>";
		};
		BBC7F1D018DBB01A0072D6A5 /* LilYelper */ = {
			isa = PBXGroup;
			children = (
				BBC7F1D918DBB01A0072D6A5 /* AppDelegate.h */,
				BBC7F1DA18DBB01A0072D6A5 /* AppDelegate.m */,
				BBC7F20818DBE36C0072D6A5 /* Models */,
				BBC7F20418DBD40B0072D6A5 /* Views */,
				BBC7F1FE18DBCD4B0072D6A5 /* View Controllers */,
				BBC7F1DC18DBB01A0072D6A5 /* Images.xcassets */,
				BBC7F1D118DBB01A0072D6A5 /* Supporting Files */,
			);
			path = LilYelper;
			sourceTree = "<group>";
		};
		BBC7F1D118DBB01A0072D6A5 /* Supporting Files */ = {
			isa = PBXGroup;
			children = (
				BBC7F1D218DBB01A0072D6A5 /* LilYelper-Info.plist */,
				BBC7F1D318DBB01A0072D6A5 /* InfoPlist.strings */,
				BBC7F1D618DBB01A0072D6A5 /* main.m */,
				BBC7F1D818DBB01A0072D6A5 /* LilYelper-Prefix.pch */,
			);
			name = "Supporting Files";
			sourceTree = "<group>";
		};
		BBC7F1E918DBB01A0072D6A5 /* LilYelperTests */ = {
			isa = PBXGroup;
			children = (
				BBC7F1EF18DBB01A0072D6A5 /* LilYelperTests.m */,
				BBC7F1EA18DBB01A0072D6A5 /* Supporting Files */,
			);
			path = LilYelperTests;
			sourceTree = "<group>";
		};
		BBC7F1EA18DBB01A0072D6A5 /* Supporting Files */ = {
			isa = PBXGroup;
			children = (
				BBC7F1EB18DBB01A0072D6A5 /* LilYelperTests-Info.plist */,
				BBC7F1EC18DBB01A0072D6A5 /* InfoPlist.strings */,
			);
			name = "Supporting Files";
			sourceTree = "<group>";
		};
		BBC7F1FE18DBCD4B0072D6A5 /* View Controllers */ = {
			isa = PBXGroup;
			children = (
				BBC7F1F918DBCD420072D6A5 /* ResultsViewController.h */,
				BBC7F1FA18DBCD420072D6A5 /* ResultsViewController.m */,
				BBC7F1FB18DBCD420072D6A5 /* ResultsViewController.xib */,
				BBC7F20918DE0ED50072D6A5 /* FiltersViewController.h */,
				BBC7F20A18DE0ED50072D6A5 /* FiltersViewController.m */,
				BBC7F20B18DE0ED50072D6A5 /* FiltersViewController.xib */,
			);
			name = "View Controllers";
			sourceTree = "<group>";
		};
		BBC7F20418DBD40B0072D6A5 /* Views */ = {
			isa = PBXGroup;
			children = (
				BBC7F21618DE289A0072D6A5 /* FilterCell.h */,
				BBC7F21718DE289A0072D6A5 /* FilterCell.m */,
				BBC7F20E18DE1CD00072D6A5 /* SwitchFilterCell.h */,
				BBC7F20F18DE1CD00072D6A5 /* SwitchFilterCell.m */,
				BBC7F21018DE1CD00072D6A5 /* SwitchFilterCell.xib */,
				BBC7F1FF18DBD4040072D6A5 /* ResultTableViewCell.h */,
				BBC7F20018DBD4040072D6A5 /* ResultTableViewCell.m */,
				BBC7F20118DBD4040072D6A5 /* ResultTableViewCell.xib */,
				BBC7F21918DE297C0072D6A5 /* SelectCell.h */,
				BBC7F21A18DE297C0072D6A5 /* SelectCell.m */,
				BBC7F21B18DE297C0072D6A5 /* SelectCell.xib */,
			);
			name = Views;
			sourceTree = "<group>";
		};
		BBC7F20818DBE36C0072D6A5 /* Models */ = {
			isa = PBXGroup;
			children = (
				BBC7F20518DBE3680072D6A5 /* Result.h */,
				BBC7F20618DBE3680072D6A5 /* Result.m */,
				BBC7F21318DE21780072D6A5 /* Filter.h */,
				BBC7F21418DE21780072D6A5 /* Filter.m */,
			);
			name = Models;
			sourceTree = "<group>";
		};
/* End PBXGroup section */

/* Begin PBXNativeTarget section */
		BBC7F1C618DBB01A0072D6A5 /* LilYelper */ = {
			isa = PBXNativeTarget;
			buildConfigurationList = BBC7F1F318DBB01A0072D6A5 /* Build configuration list for PBXNativeTarget "LilYelper" */;
			buildPhases = (
				BBC7F1C318DBB01A0072D6A5 /* Sources */,
				BBC7F1C418DBB01A0072D6A5 /* Frameworks */,
				BBC7F1C518DBB01A0072D6A5 /* Resources */,
			);
			buildRules = (
			);
			dependencies = (
			);
			name = LilYelper;
			productName = LilYelper;
			productReference = BBC7F1C718DBB01A0072D6A5 /* LilYelper.app */;
			productType = "com.apple.product-type.application";
		};
		BBC7F1E118DBB01A0072D6A5 /* LilYelperTests */ = {
			isa = PBXNativeTarget;
			buildConfigurationList = BBC7F1F618DBB01A0072D6A5 /* Build configuration list for PBXNativeTarget "LilYelperTests" */;
			buildPhases = (
				BBC7F1DE18DBB01A0072D6A5 /* Sources */,
				BBC7F1DF18DBB01A0072D6A5 /* Frameworks */,
				BBC7F1E018DBB01A0072D6A5 /* Resources */,
			);
			buildRules = (
			);
			dependencies = (
				BBC7F1E818DBB01A0072D6A5 /* PBXTargetDependency */,
			);
			name = LilYelperTests;
			productName = LilYelperTests;
			productReference = BBC7F1E218DBB01A0072D6A5 /* LilYelperTests.xctest */;
			productType = "com.apple.product-type.bundle.unit-test";
		};
/* End PBXNativeTarget section */

/* Begin PBXProject section */
		BBC7F1BF18DBB01A0072D6A5 /* Project object */ = {
			isa = PBXProject;
			attributes = {
				LastUpgradeCheck = 0510;
				ORGANIZATIONNAME = "Anthony Sherbondy";
				TargetAttributes = {
					BBC7F1E118DBB01A0072D6A5 = {
						TestTargetID = BBC7F1C618DBB01A0072D6A5;
					};
				};
			};
			buildConfigurationList = BBC7F1C218DBB01A0072D6A5 /* Build configuration list for PBXProject "LilYelper" */;
			compatibilityVersion = "Xcode 3.2";
			developmentRegion = English;
			hasScannedForEncodings = 0;
			knownRegions = (
				en,
			);
			mainGroup = BBC7F1BE18DBB01A0072D6A5;
			productRefGroup = BBC7F1C818DBB01A0072D6A5 /* Products */;
			projectDirPath = "";
			projectRoot = "";
			targets = (
				BBC7F1C618DBB01A0072D6A5 /* LilYelper */,
				BBC7F1E118DBB01A0072D6A5 /* LilYelperTests */,
			);
		};
/* End PBXProject section */

/* Begin PBXResourcesBuildPhase section */
		BBC7F1C518DBB01A0072D6A5 /* Resources */ = {
			isa = PBXResourcesBuildPhase;
			buildActionMask = 2147483647;
			files = (
				BBC7F1FD18DBCD420072D6A5 /* ResultsViewController.xib in Resources */,
				BBC7F1D518DBB01A0072D6A5 /* InfoPlist.strings in Resources */,
				BBC7F20D18DE0ED50072D6A5 /* FiltersViewController.xib in Resources */,
				BBC7F21218DE1CD00072D6A5 /* SwitchFilterCell.xib in Resources */,
				BBC7F20318DBD4040072D6A5 /* ResultTableViewCell.xib in Resources */,
				BBC7F1DD18DBB01A0072D6A5 /* Images.xcassets in Resources */,
				BBC7F21D18DE297C0072D6A5 /* SelectCell.xib in Resources */,
			);
			runOnlyForDeploymentPostprocessing = 0;
		};
		BBC7F1E018DBB01A0072D6A5 /* Resources */ = {
			isa = PBXResourcesBuildPhase;
			buildActionMask = 2147483647;
			files = (
				BBC7F1EE18DBB01A0072D6A5 /* InfoPlist.strings in Resources */,
			);
			runOnlyForDeploymentPostprocessing = 0;
		};
/* End PBXResourcesBuildPhase section */

/* Begin PBXSourcesBuildPhase section */
		BBC7F1C318DBB01A0072D6A5 /* Sources */ = {
			isa = PBXSourcesBuildPhase;
			buildActionMask = 2147483647;
			files = (
				BBC7F20C18DE0ED50072D6A5 /* FiltersViewController.m in Sources */,
				BBC7F21818DE289A0072D6A5 /* FilterCell.m in Sources */,
				BBC7F21518DE21780072D6A5 /* Filter.m in Sources */,
				BBC7F1FC18DBCD420072D6A5 /* ResultsViewController.m in Sources */,
				BBC7F1DB18DBB01A0072D6A5 /* AppDelegate.m in Sources */,
				BBC7F20718DBE3680072D6A5 /* Result.m in Sources */,
				BBC7F21118DE1CD00072D6A5 /* SwitchFilterCell.m in Sources */,
				BBC7F20218DBD4040072D6A5 /* ResultTableViewCell.m in Sources */,
				BBC7F1D718DBB01A0072D6A5 /* main.m in Sources */,
				BBC7F21C18DE297C0072D6A5 /* SelectCell.m in Sources */,
			);
			runOnlyForDeploymentPostprocessing = 0;
		};
		BBC7F1DE18DBB01A0072D6A5 /* Sources */ = {
			isa = PBXSourcesBuildPhase;
			buildActionMask = 2147483647;
			files = (
				BBC7F1F018DBB01A0072D6A5 /* LilYelperTests.m in Sources */,
			);
			runOnlyForDeploymentPostprocessing = 0;
		};
/* End PBXSourcesBuildPhase section */

/* Begin PBXTargetDependency section */
		BBC7F1E818DBB01A0072D6A5 /* PBXTargetDependency */ = {
			isa = PBXTargetDependency;
			target = BBC7F1C618DBB01A0072D6A5 /* LilYelper */;
			targetProxy = BBC7F1E718DBB01A0072D6A5 /* PBXContainerItemProxy */;
		};
/* End PBXTargetDependency section */

/* Begin PBXVariantGroup section */
		BBC7F1D318DBB01A0072D6A5 /* InfoPlist.strings */ = {
			isa = PBXVariantGroup;
			children = (
				BBC7F1D418DBB01A0072D6A5 /* en */,
			);
			name = InfoPlist.strings;
			sourceTree = "<group>";
		};
		BBC7F1EC18DBB01A0072D6A5 /* InfoPlist.strings */ = {
			isa = PBXVariantGroup;
			children = (
				BBC7F1ED18DBB01A0072D6A5 /* en */,
			);
			name = InfoPlist.strings;
			sourceTree = "<group>";
		};
/* End PBXVariantGroup section */

/* Begin XCBuildConfiguration section */
		BBC7F1F118DBB01A0072D6A5 /* Debug */ = {
			isa = XCBuildConfiguration;
			buildSettings = {
				ALWAYS_SEARCH_USER_PATHS = NO;
				CLANG_CXX_LANGUAGE_STANDARD = "gnu++0x";
				CLANG_CXX_LIBRARY = "libc++";
				CLANG_ENABLE_MODULES = YES;
				CLANG_ENABLE_OBJC_ARC = YES;
				CLANG_WARN_BOOL_CONVERSION = YES;
				CLANG_WARN_CONSTANT_CONVERSION = YES;
				CLANG_WARN_DIRECT_OBJC_ISA_USAGE = YES_ERROR;
				CLANG_WARN_EMPTY_BODY = YES;
				CLANG_WARN_ENUM_CONVERSION = YES;
				CLANG_WARN_INT_CONVERSION = YES;
				CLANG_WARN_OBJC_ROOT_CLASS = YES_ERROR;
				CLANG_WARN__DUPLICATE_METHOD_MATCH = YES;
				"CODE_SIGN_IDENTITY[sdk=iphoneos*]" = "iPhone Developer";
				COPY_PHASE_STRIP = NO;
				GCC_C_LANGUAGE_STANDARD = gnu99;
				GCC_DYNAMIC_NO_PIC = NO;
				GCC_OPTIMIZATION_LEVEL = 0;
				GCC_PREPROCESSOR_DEFINITIONS = (
					"DEBUG=1",
					"$(inherited)",
				);
				GCC_SYMBOLS_PRIVATE_EXTERN = NO;
				GCC_WARN_64_TO_32_BIT_CONVERSION = YES;
				GCC_WARN_ABOUT_RETURN_TYPE = YES_ERROR;
				GCC_WARN_UNDECLARED_SELECTOR = YES;
				GCC_WARN_UNINITIALIZED_AUTOS = YES_AGGRESSIVE;
				GCC_WARN_UNUSED_FUNCTION = YES;
				GCC_WARN_UNUSED_VARIABLE = YES;
				IPHONEOS_DEPLOYMENT_TARGET = 7.1;
				ONLY_ACTIVE_ARCH = YES;
				SDKROOT = iphoneos;
			};
			name = Debug;
		};
		BBC7F1F218DBB01A0072D6A5 /* Release */ = {
			isa = XCBuildConfiguration;
			buildSettings = {
				ALWAYS_SEARCH_USER_PATHS = NO;
				CLANG_CXX_LANGUAGE_STANDARD = "gnu++0x";
				CLANG_CXX_LIBRARY = "libc++";
				CLANG_ENABLE_MODULES = YES;
				CLANG_ENABLE_OBJC_ARC = YES;
				CLANG_WARN_BOOL_CONVERSION = YES;
				CLANG_WARN_CONSTANT_CONVERSION = YES;
				CLANG_WARN_DIRECT_OBJC_ISA_USAGE = YES_ERROR;
				CLANG_WARN_EMPTY_BODY = YES;
				CLANG_WARN_ENUM_CONVERSION = YES;
				CLANG_WARN_INT_CONVERSION = YES;
				CLANG_WARN_OBJC_ROOT_CLASS = YES_ERROR;
				CLANG_WARN__DUPLICATE_METHOD_MATCH = YES;
				"CODE_SIGN_IDENTITY[sdk=iphoneos*]" = "iPhone Developer";
				COPY_PHASE_STRIP = YES;
				ENABLE_NS_ASSERTIONS = NO;
				GCC_C_LANGUAGE_STANDARD = gnu99;
				GCC_WARN_64_TO_32_BIT_CONVERSION = YES;
				GCC_WARN_ABOUT_RETURN_TYPE = YES_ERROR;
				GCC_WARN_UNDECLARED_SELECTOR = YES;
				GCC_WARN_UNINITIALIZED_AUTOS = YES_AGGRESSIVE;
				GCC_WARN_UNUSED_FUNCTION = YES;
				GCC_WARN_UNUSED_VARIABLE = YES;
				IPHONEOS_DEPLOYMENT_TARGET = 7.1;
				SDKROOT = iphoneos;
				VALIDATE_PRODUCT = YES;
			};
			name = Release;
		};
		BBC7F1F418DBB01A0072D6A5 /* Debug */ = {
			isa = XCBuildConfiguration;
			buildSettings = {
				ASSETCATALOG_COMPILER_APPICON_NAME = AppIcon;
				ASSETCATALOG_COMPILER_LAUNCHIMAGE_NAME = LaunchImage;
				GCC_PRECOMPILE_PREFIX_HEADER = YES;
				GCC_PREFIX_HEADER = "LilYelper/LilYelper-Prefix.pch";
				INFOPLIST_FILE = "LilYelper/LilYelper-Info.plist";
				PRODUCT_NAME = "$(TARGET_NAME)";
				WRAPPER_EXTENSION = app;
			};
			name = Debug;
		};
		BBC7F1F518DBB01A0072D6A5 /* Release */ = {
			isa = XCBuildConfiguration;
			buildSettings = {
				ASSETCATALOG_COMPILER_APPICON_NAME = AppIcon;
				ASSETCATALOG_COMPILER_LAUNCHIMAGE_NAME = LaunchImage;
				GCC_PRECOMPILE_PREFIX_HEADER = YES;
				GCC_PREFIX_HEADER = "LilYelper/LilYelper-Prefix.pch";
				INFOPLIST_FILE = "LilYelper/LilYelper-Info.plist";
				PRODUCT_NAME = "$(TARGET_NAME)";
				WRAPPER_EXTENSION = app;
			};
			name = Release;
		};
		BBC7F1F718DBB01A0072D6A5 /* Debug */ = {
			isa = XCBuildConfiguration;
			buildSettings = {
				BUNDLE_LOADER = "$(BUILT_PRODUCTS_DIR)/LilYelper.app/LilYelper";
				FRAMEWORK_SEARCH_PATHS = (
					"$(SDKROOT)/Developer/Library/Frameworks",
					"$(inherited)",
					"$(DEVELOPER_FRAMEWORKS_DIR)",
				);
				GCC_PRECOMPILE_PREFIX_HEADER = YES;
				GCC_PREFIX_HEADER = "LilYelper/LilYelper-Prefix.pch";
				GCC_PREPROCESSOR_DEFINITIONS = (
					"DEBUG=1",
					"$(inherited)",
				);
				INFOPLIST_FILE = "LilYelperTests/LilYelperTests-Info.plist";
				PRODUCT_NAME = "$(TARGET_NAME)";
				TEST_HOST = "$(BUNDLE_LOADER)";
				WRAPPER_EXTENSION = xctest;
			};
			name = Debug;
		};
		BBC7F1F818DBB01A0072D6A5 /* Release */ = {
			isa = XCBuildConfiguration;
			buildSettings = {
				BUNDLE_LOADER = "$(BUILT_PRODUCTS_DIR)/LilYelper.app/LilYelper";
				FRAMEWORK_SEARCH_PATHS = (
					"$(SDKROOT)/Developer/Library/Frameworks",
					"$(inherited)",
					"$(DEVELOPER_FRAMEWORKS_DIR)",
				);
				GCC_PRECOMPILE_PREFIX_HEADER = YES;
				GCC_PREFIX_HEADER = "LilYelper/LilYelper-Prefix.pch";
				INFOPLIST_FILE = "LilYelperTests/LilYelperTests-Info.plist";
				PRODUCT_NAME = "$(TARGET_NAME)";
				TEST_HOST = "$(BUNDLE_LOADER)";
				WRAPPER_EXTENSION = xctest;
			};
			name = Release;
		};
/* End XCBuildConfiguration section */

/* Begin XCConfigurationList section */
		BBC7F1C218DBB01A0072D6A5 /* Build configuration list for PBXProject "LilYelper" */ = {
			isa = XCConfigurationList;
			buildConfigurations = (
				BBC7F1F118DBB01A0072D6A5 /* Debug */,
				BBC7F1F218DBB01A0072D6A5 /* Release */,
			);
			defaultConfigurationIsVisible = 0;
			defaultConfigurationName = Release;
		};
		BBC7F1F318DBB01A0072D6A5 /* Build configuration list for PBXNativeTarget "LilYelper" */ = {
			isa = XCConfigurationList;
			buildConfigurations = (
				BBC7F1F418DBB01A0072D6A5 /* Debug */,
				BBC7F1F518DBB01A0072D6A5 /* Release */,
			);
			defaultConfigurationIsVisible = 0;
		};
		BBC7F1F618DBB01A0072D6A5 /* Build configuration list for PBXNativeTarget "LilYelperTests" */ = {
			isa = XCConfigurationList;
			buildConfigurations = (
				BBC7F1F718DBB01A0072D6A5 /* Debug */,
				BBC7F1F818DBB01A0072D6A5 /* Release */,
			);
			defaultConfigurationIsVisible = 0;
		};
/* End XCConfigurationList section */
	};
	rootObject = BBC7F1BF18DBB01A0072D6A5 /* Project object */;
}
